
Microsoft Visual Studio Solution File, Format Version 12.00
# Visual Studio Version 17
VisualStudioVersion = 17.10.35122.118
MinimumVisualStudioVersion = 10.0.40219.1
Project("{FAE04EC0-301F-11D3-BF4B-00C04F79EFBC}") = "ServiceAppDMSautoInvoicing", "ServiceAppDMSautoInvoicing\ServiceAppDMSautoInvoicing.csproj", "{3AD0D49D-7364-41B2-858F-604FCC10998A}"
EndProject
Global
	GlobalSection(SolutionConfigurationPlatforms) = preSolution
		Debug|Any CPU = Debug|Any CPU
		Release|Any CPU = Release|Any CPU
	EndGlobalSection
	GlobalSection(ProjectConfigurationPlatforms) = postSolution
		{3AD0D49D-7364-41B2-858F-604FCC10998A}.Debug|Any CPU.ActiveCfg = Debug|Any CPU
		{3AD0D49D-7364-41B2-858F-604FCC10998A}.Debug|Any CPU.Build.0 = Debug|Any CPU
		{3AD0D49D-7364-41B2-858F-604FCC10998A}.Release|Any CPU.ActiveCfg = Release|Any CPU
		{3AD0D49D-7364-41B2-858F-604FCC10998A}.Release|Any CPU.Build.0 = Release|Any CPU
	EndGlobalSection
	GlobalSection(SolutionProperties) = preSolution
		HideSolutionNode = FALSE
	EndGlobalSection
	GlobalSection(ExtensibilityGlobals) = postSolution
		SolutionGuid = {25D004A6-73A1-4937-AA88-A4917E449D10}
	EndGlobalSection
EndGlobal
